
Microsoft Visual Studio Solution File, Format Version 12.00
# Visual Studio Version 17
VisualStudioVersion = 17.5.002.0
MinimumVisualStudioVersion = 10.0.40219.1
Project("{2150E333-8FDC-42A3-9474-1A3956D46DE8}") = "AzureOpenAIPoc", "AzureOpenAIPoc", "{7C5479FE-34C7-428D-B14B-6412432A753E}"
EndProject
Project("{9A19103F-16F7-4668-BE54-9A1E7A4F7556}") = "CSharp", "AzureOpenAIPoc\CSharp\CSharp.csproj", "{E0CAC205-BDA0-47DC-835F-88A0DEC78B12}"
EndProject
Global
	GlobalSection(SolutionConfigurationPlatforms) = preSolution
		Debug|Any CPU = Debug|Any CPU
		Release|Any CPU = Release|Any CPU
	EndGlobalSection
	GlobalSection(ProjectConfigurationPlatforms) = postSolution
		{E0CAC205-BDA0-47DC-835F-88A0DEC78B12}.Debug|Any CPU.ActiveCfg = Debug|Any CPU
		{E0CAC205-BDA0-47DC-835F-88A0DEC78B12}.Debug|Any CPU.Build.0 = Debug|Any CPU
		{E0CAC205-BDA0-47DC-835F-88A0DEC78B12}.Release|Any CPU.ActiveCfg = Release|Any CPU
		{E0CAC205-BDA0-47DC-835F-88A0DEC78B12}.Release|Any CPU.Build.0 = Release|Any CPU
	EndGlobalSection
	GlobalSection(SolutionProperties) = preSolution
		HideSolutionNode = FALSE
	EndGlobalSection
	GlobalSection(NestedProjects) = preSolution
		{E0CAC205-BDA0-47DC-835F-88A0DEC78B12} = {7C5479FE-34C7-428D-B14B-6412432A753E}
	EndGlobalSection
	GlobalSection(ExtensibilityGlobals) = postSolution
		SolutionGuid = {A9027B31-119E-4110-9FA4-1120D415FF41}
	EndGlobalSection
EndGlobal
